
Microsoft Visual Studio Solution File, Format Version 12.00
# Visual Studio 15
VisualStudioVersion = 15.0.28306.52
MinimumVisualStudioVersion = 10.0.40219.1
Project("{9A19103F-16F7-4668-BE54-9A1E7A4F7556}") = "lightdb.lib", "lightdb.lib\lightdb.lib.csproj", "{0EB05521-5C5F-45F3-9F4A-D4EA16D2D189}"
EndProject
Project("{9A19103F-16F7-4668-BE54-9A1E7A4F7556}") = "lightdb.lib.test", "lightdb.lib.test\lightdb.lib.test.csproj", "{81B513CA-C619-44B2-81BB-2311F9349C22}"
EndProject
Project("{FAE04EC0-301F-11D3-BF4B-00C04F79EFBC}") = "lightdb.struct.lib", "lightdb.struct.lib\lightdb.struct.lib.csproj", "{C50DE13A-0934-4758-BC24-554B213430A3}"
EndProject
Global
	GlobalSection(SolutionConfigurationPlatforms) = preSolution
		Debug|Any CPU = Debug|Any CPU
		Release|Any CPU = Release|Any CPU
	EndGlobalSection
	GlobalSection(ProjectConfigurationPlatforms) = postSolution
		{0EB05521-5C5F-45F3-9F4A-D4EA16D2D189}.Debug|Any CPU.ActiveCfg = Debug|Any CPU
		{0EB05521-5C5F-45F3-9F4A-D4EA16D2D189}.Debug|Any CPU.Build.0 = Debug|Any CPU
		{0EB05521-5C5F-45F3-9F4A-D4EA16D2D189}.Release|Any CPU.ActiveCfg = Release|Any CPU
		{0EB05521-5C5F-45F3-9F4A-D4EA16D2D189}.Release|Any CPU.Build.0 = Release|Any CPU
		{81B513CA-C619-44B2-81BB-2311F9349C22}.Debug|Any CPU.ActiveCfg = Debug|Any CPU
		{81B513CA-C619-44B2-81BB-2311F9349C22}.Debug|Any CPU.Build.0 = Debug|Any CPU
		{81B513CA-C619-44B2-81BB-2311F9349C22}.Release|Any CPU.ActiveCfg = Release|Any CPU
		{81B513CA-C619-44B2-81BB-2311F9349C22}.Release|Any CPU.Build.0 = Release|Any CPU
		{C50DE13A-0934-4758-BC24-554B213430A3}.Debug|Any CPU.ActiveCfg = Debug|Any CPU
		{C50DE13A-0934-4758-BC24-554B213430A3}.Debug|Any CPU.Build.0 = Debug|Any CPU
		{C50DE13A-0934-4758-BC24-554B213430A3}.Release|Any CPU.ActiveCfg = Release|Any CPU
		{C50DE13A-0934-4758-BC24-554B213430A3}.Release|Any CPU.Build.0 = Release|Any CPU
	EndGlobalSection
	GlobalSection(SolutionProperties) = preSolution
		HideSolutionNode = FALSE
	EndGlobalSection
	GlobalSection(ExtensibilityGlobals) = postSolution
		SolutionGuid = {BF5DEF26-8AE4-436E-97C7-6B981010DB97}
	EndGlobalSection
EndGlobal
